// !$*UTF8*$!
{
	archiveVersion = 1;
	classes = {
	};
	objectVersion = 48;
	objects = {

/* Begin PBXBuildFile section */
		B36553C320B6260A00F21919 /* Process.cpp in Sources */ = {isa = PBXBuildFile; fileRef = B36553C120B6260A00F21919 /* Process.cpp */; };
		B3E5ECAB20A70DD800895718 /* main.cpp in Sources */ = {isa = PBXBuildFile; fileRef = B3E5ECAA20A70DD800895718 /* main.cpp */; };
		B3E5ECB620A725D900895718 /* projectRunner.cpp in Sources */ = {isa = PBXBuildFile; fileRef = B3E5ECB420A725D900895718 /* projectRunner.cpp */; };
		B3F7185E20A778FF00662025 /* SystemConfig.cpp in Sources */ = {isa = PBXBuildFile; fileRef = B3F7185C20A778FF00662025 /* SystemConfig.cpp */; };
		B3F7186120A77ABE00662025 /* Job.cpp in Sources */ = {isa = PBXBuildFile; fileRef = B3F7185F20A77ABE00662025 /* Job.cpp */; };
		B3FB222220B3826F00DD8F8D /* Node.cpp in Sources */ = {isa = PBXBuildFile; fileRef = B3FB222020B3826F00DD8F8D /* Node.cpp */; };
		B3FB222520B383E800DD8F8D /* HoldQ1.cpp in Sources */ = {isa = PBXBuildFile; fileRef = B3FB222320B383E800DD8F8D /* HoldQ1.cpp */; };
		B3FB222820B383F500DD8F8D /* HoldQ2.cpp in Sources */ = {isa = PBXBuildFile; fileRef = B3FB222620B383F500DD8F8D /* HoldQ2.cpp */; };
/* End PBXBuildFile section */

/* Begin PBXCopyFilesBuildPhase section */
		B3E5ECA520A70DD800895718 /* CopyFiles */ = {
			isa = PBXCopyFilesBuildPhase;
			buildActionMask = 2147483647;
			dstPath = /usr/share/man/man1/;
			dstSubfolderSpec = 0;
			files = (
			);
			runOnlyForDeploymentPostprocessing = 1;
		};
/* End PBXCopyFilesBuildPhase section */

/* Begin PBXFileReference section */
		B36553BB20B6209A00F21919 /* test1_D26.json */ = {isa = PBXFileReference; fileEncoding = 4; lastKnownFileType = text.json; path = test1_D26.json; sourceTree = "<group>"; };
		B36553BC20B6209B00F21919 /* project_supplementary.pdf */ = {isa = PBXFileReference; lastKnownFileType = image.pdf; path = project_supplementary.pdf; sourceTree = "<group>"; };
		B36553BD20B6209B00F21919 /* test1_D10.json */ = {isa = PBXFileReference; fileEncoding = 4; lastKnownFileType = text.json; path = test1_D10.json; sourceTree = "<group>"; };
		B36553BE20B6209B00F21919 /* test2_D11.json */ = {isa = PBXFileReference; fileEncoding = 4; lastKnownFileType = text.json; path = test2_D11.json; sourceTree = "<group>"; };
		B36553BF20B6209B00F21919 /* test2_D20.json */ = {isa = PBXFileReference; fileEncoding = 4; lastKnownFileType = text.json; path = test2_D20.json; sourceTree = "<group>"; };
		B36553C020B6209B00F21919 /* sample_input.json */ = {isa = PBXFileReference; fileEncoding = 4; lastKnownFileType = text.json; path = sample_input.json; sourceTree = "<group>"; };
		B36553C120B6260A00F21919 /* Process.cpp */ = {isa = PBXFileReference; lastKnownFileType = sourcecode.cpp.cpp; path = Process.cpp; sourceTree = "<group>"; };
		B36553C220B6260A00F21919 /* Process.hpp */ = {isa = PBXFileReference; lastKnownFileType = sourcecode.cpp.h; path = Process.hpp; sourceTree = "<group>"; };
		B3E5ECA720A70DD800895718 /* os */ = {isa = PBXFileReference; explicitFileType = "compiled.mach-o.executable"; includeInIndex = 0; path = os; sourceTree = BUILT_PRODUCTS_DIR; };
		B3E5ECAA20A70DD800895718 /* main.cpp */ = {isa = PBXFileReference; lastKnownFileType = sourcecode.cpp.cpp; path = main.cpp; sourceTree = "<group>"; };
		B3E5ECB420A725D900895718 /* projectRunner.cpp */ = {isa = PBXFileReference; lastKnownFileType = sourcecode.cpp.cpp; path = projectRunner.cpp; sourceTree = "<group>"; };
		B3E5ECB520A725D900895718 /* projectRunner.hpp */ = {isa = PBXFileReference; lastKnownFileType = sourcecode.cpp.h; path = projectRunner.hpp; sourceTree = "<group>"; };
		B3E5ECB720A72EB200895718 /* input.txt */ = {isa = PBXFileReference; fileEncoding = 4; lastKnownFileType = text; path = input.txt; sourceTree = "<group>"; };
		B3F7185B20A7721300662025 /* project.pdf */ = {isa = PBXFileReference; lastKnownFileType = image.pdf; path = project.pdf; sourceTree = "<group>"; };
		B3F7185C20A778FF00662025 /* SystemConfig.cpp */ = {isa = PBXFileReference; lastKnownFileType = sourcecode.cpp.cpp; path = SystemConfig.cpp; sourceTree = "<group>"; };
		B3F7185D20A778FF00662025 /* SystemConfig.hpp */ = {isa = PBXFileReference; lastKnownFileType = sourcecode.cpp.h; path = SystemConfig.hpp; sourceTree = "<group>"; };
		B3F7185F20A77ABE00662025 /* Job.cpp */ = {isa = PBXFileReference; lastKnownFileType = sourcecode.cpp.cpp; path = Job.cpp; sourceTree = "<group>"; };
		B3F7186020A77ABE00662025 /* Job.hpp */ = {isa = PBXFileReference; lastKnownFileType = sourcecode.cpp.h; path = Job.hpp; sourceTree = "<group>"; };
		B3FB222020B3826F00DD8F8D /* Node.cpp */ = {isa = PBXFileReference; lastKnownFileType = sourcecode.cpp.cpp; path = Node.cpp; sourceTree = "<group>"; };
		B3FB222120B3826F00DD8F8D /* Node.hpp */ = {isa = PBXFileReference; lastKnownFileType = sourcecode.cpp.h; path = Node.hpp; sourceTree = "<group>"; };
		B3FB222320B383E800DD8F8D /* HoldQ1.cpp */ = {isa = PBXFileReference; lastKnownFileType = sourcecode.cpp.cpp; path = HoldQ1.cpp; sourceTree = "<group>"; };
		B3FB222420B383E800DD8F8D /* HoldQ1.hpp */ = {isa = PBXFileReference; lastKnownFileType = sourcecode.cpp.h; path = HoldQ1.hpp; sourceTree = "<group>"; };
		B3FB222620B383F500DD8F8D /* HoldQ2.cpp */ = {isa = PBXFileReference; lastKnownFileType = sourcecode.cpp.cpp; path = HoldQ2.cpp; sourceTree = "<group>"; };
		B3FB222720B383F500DD8F8D /* HoldQ2.hpp */ = {isa = PBXFileReference; lastKnownFileType = sourcecode.cpp.h; path = HoldQ2.hpp; sourceTree = "<group>"; };
/* End PBXFileReference section */

/* Begin PBXFrameworksBuildPhase section */
		B3E5ECA420A70DD800895718 /* Frameworks */ = {
			isa = PBXFrameworksBuildPhase;
			buildActionMask = 2147483647;
			files = (
			);
			runOnlyForDeploymentPostprocessing = 0;
		};
/* End PBXFrameworksBuildPhase section */

/* Begin PBXGroup section */
		B3E5EC9E20A70DD700895718 = {
			isa = PBXGroup;
			children = (
				B3E5ECA920A70DD800895718 /* os */,
				B3E5ECA820A70DD800895718 /* Products */,
			);
			sourceTree = "<group>";
		};
		B3E5ECA820A70DD800895718 /* Products */ = {
			isa = PBXGroup;
			children = (
				B3E5ECA720A70DD800895718 /* os */,
			);
			name = Products;
			sourceTree = "<group>";
		};
		B3E5ECA920A70DD800895718 /* os */ = {
			isa = PBXGroup;
			children = (
				B36553BC20B6209B00F21919 /* project_supplementary.pdf */,
				B36553C020B6209B00F21919 /* sample_input.json */,
				B36553BD20B6209B00F21919 /* test1_D10.json */,
				B36553BB20B6209A00F21919 /* test1_D26.json */,
				B36553BE20B6209B00F21919 /* test2_D11.json */,
				B36553BF20B6209B00F21919 /* test2_D20.json */,
				B3F7185B20A7721300662025 /* project.pdf */,
				B36553C120B6260A00F21919 /* Process.cpp */,
				B36553C220B6260A00F21919 /* Process.hpp */,
				B3FB222020B3826F00DD8F8D /* Node.cpp */,
				B3FB222120B3826F00DD8F8D /* Node.hpp */,
				B3FB222320B383E800DD8F8D /* HoldQ1.cpp */,
				B3FB222420B383E800DD8F8D /* HoldQ1.hpp */,
				B3FB222620B383F500DD8F8D /* HoldQ2.cpp */,
				B3FB222720B383F500DD8F8D /* HoldQ2.hpp */,
				B3E5ECAA20A70DD800895718 /* main.cpp */,
				B3E5ECB720A72EB200895718 /* input.txt */,
				B3E5ECB420A725D900895718 /* projectRunner.cpp */,
				B3E5ECB520A725D900895718 /* projectRunner.hpp */,
				B3F7185C20A778FF00662025 /* SystemConfig.cpp */,
				B3F7185D20A778FF00662025 /* SystemConfig.hpp */,
				B3F7185F20A77ABE00662025 /* Job.cpp */,
				B3F7186020A77ABE00662025 /* Job.hpp */,
			);
			path = os;
			sourceTree = "<group>";
		};
/* End PBXGroup section */

/* Begin PBXNativeTarget section */
		B3E5ECA620A70DD800895718 /* os */ = {
			isa = PBXNativeTarget;
			buildConfigurationList = B3E5ECAE20A70DD800895718 /* Build configuration list for PBXNativeTarget "os" */;
			buildPhases = (
				B3E5ECA320A70DD800895718 /* Sources */,
				B3E5ECA420A70DD800895718 /* Frameworks */,
				B3E5ECA520A70DD800895718 /* CopyFiles */,
			);
			buildRules = (
			);
			dependencies = (
			);
			name = os;
			productName = os;
			productReference = B3E5ECA720A70DD800895718 /* os */;
			productType = "com.apple.product-type.tool";
		};
/* End PBXNativeTarget section */

/* Begin PBXProject section */
		B3E5EC9F20A70DD700895718 /* Project object */ = {
			isa = PBXProject;
			attributes = {
				LastUpgradeCheck = 0910;
				ORGANIZATIONNAME = Zeke;
				TargetAttributes = {
					B3E5ECA620A70DD800895718 = {
						CreatedOnToolsVersion = 9.1;
						ProvisioningStyle = Automatic;
					};
				};
			};
			buildConfigurationList = B3E5ECA220A70DD700895718 /* Build configuration list for PBXProject "os" */;
			compatibilityVersion = "Xcode 8.0";
			developmentRegion = en;
			hasScannedForEncodings = 0;
			knownRegions = (
				en,
			);
			mainGroup = B3E5EC9E20A70DD700895718;
			productRefGroup = B3E5ECA820A70DD800895718 /* Products */;
			projectDirPath = "";
			projectRoot = "";
			targets = (
				B3E5ECA620A70DD800895718 /* os */,
			);
		};
/* End PBXProject section */

/* Begin PBXSourcesBuildPhase section */
		B3E5ECA320A70DD800895718 /* Sources */ = {
			isa = PBXSourcesBuildPhase;
			buildActionMask = 2147483647;
			files = (
				B3E5ECAB20A70DD800895718 /* main.cpp in Sources */,
				B3E5ECB620A725D900895718 /* projectRunner.cpp in Sources */,
				B3F7185E20A778FF00662025 /* SystemConfig.cpp in Sources */,
				B36553C320B6260A00F21919 /* Process.cpp in Sources */,
				B3FB222820B383F500DD8F8D /* HoldQ2.cpp in Sources */,
				B3F7186120A77ABE00662025 /* Job.cpp in Sources */,
				B3FB222520B383E800DD8F8D /* HoldQ1.cpp in Sources */,
				B3FB222220B3826F00DD8F8D /* Node.cpp in Sources */,
			);
			runOnlyForDeploymentPostprocessing = 0;
		};
/* End PBXSourcesBuildPhase section */

/* Begin XCBuildConfiguration section */
		B3E5ECAC20A70DD800895718 /* Debug */ = {
			isa = XCBuildConfiguration;
			buildSettings = {
				ALWAYS_SEARCH_USER_PATHS = NO;
				CLANG_ANALYZER_NONNULL = YES;
				CLANG_ANALYZER_NUMBER_OBJECT_CONVERSION = YES_AGGRESSIVE;
				CLANG_CXX_LANGUAGE_STANDARD = "gnu++14";
				CLANG_CXX_LIBRARY = "libc++";
				CLANG_ENABLE_MODULES = YES;
				CLANG_ENABLE_OBJC_ARC = YES;
				CLANG_WARN_BLOCK_CAPTURE_AUTORELEASING = YES;
				CLANG_WARN_BOOL_CONVERSION = YES;
				CLANG_WARN_COMMA = YES;
				CLANG_WARN_CONSTANT_CONVERSION = YES;
				CLANG_WARN_DIRECT_OBJC_ISA_USAGE = YES_ERROR;
				CLANG_WARN_DOCUMENTATION_COMMENTS = YES;
				CLANG_WARN_EMPTY_BODY = YES;
				CLANG_WARN_ENUM_CONVERSION = YES;
				CLANG_WARN_INFINITE_RECURSION = YES;
				CLANG_WARN_INT_CONVERSION = YES;
				CLANG_WARN_NON_LITERAL_NULL_CONVERSION = YES;
				CLANG_WARN_OBJC_LITERAL_CONVERSION = YES;
				CLANG_WARN_OBJC_ROOT_CLASS = YES_ERROR;
				CLANG_WARN_RANGE_LOOP_ANALYSIS = YES;
				CLANG_WARN_STRICT_PROTOTYPES = YES;
				CLANG_WARN_SUSPICIOUS_MOVE = YES;
				CLANG_WARN_UNGUARDED_AVAILABILITY = YES_AGGRESSIVE;
				CLANG_WARN_UNREACHABLE_CODE = YES;
				CLANG_WARN__DUPLICATE_METHOD_MATCH = YES;
				CODE_SIGN_IDENTITY = "Mac Developer";
				COPY_PHASE_STRIP = NO;
				DEBUG_INFORMATION_FORMAT = dwarf;
				ENABLE_STRICT_OBJC_MSGSEND = YES;
				ENABLE_TESTABILITY = YES;
				GCC_C_LANGUAGE_STANDARD = gnu11;
				GCC_DYNAMIC_NO_PIC = NO;
				GCC_NO_COMMON_BLOCKS = YES;
				GCC_OPTIMIZATION_LEVEL = 0;
				GCC_PREPROCESSOR_DEFINITIONS = (
					"DEBUG=1",
					"$(inherited)",
				);
				GCC_WARN_64_TO_32_BIT_CONVERSION = YES;
				GCC_WARN_ABOUT_RETURN_TYPE = YES_ERROR;
				GCC_WARN_UNDECLARED_SELECTOR = YES;
				GCC_WARN_UNINITIALIZED_AUTOS = YES_AGGRESSIVE;
				GCC_WARN_UNUSED_FUNCTION = YES;
				GCC_WARN_UNUSED_VARIABLE = YES;
				MACOSX_DEPLOYMENT_TARGET = 10.13;
				MTL_ENABLE_DEBUG_INFO = YES;
				ONLY_ACTIVE_ARCH = YES;
				SDKROOT = macosx;
			};
			name = Debug;
		};
		B3E5ECAD20A70DD800895718 /* Release */ = {
			isa = XCBuildConfiguration;
			buildSettings = {
				ALWAYS_SEARCH_USER_PATHS = NO;
				CLANG_ANALYZER_NONNULL = YES;
				CLANG_ANALYZER_NUMBER_OBJECT_CONVERSION = YES_AGGRESSIVE;
				CLANG_CXX_LANGUAGE_STANDARD = "gnu++14";
				CLANG_CXX_LIBRARY = "libc++";
				CLANG_ENABLE_MODULES = YES;
				CLANG_ENABLE_OBJC_ARC = YES;
				CLANG_WARN_BLOCK_CAPTURE_AUTORELEASING = YES;
				CLANG_WARN_BOOL_CONVERSION = YES;
				CLANG_WARN_COMMA = YES;
				CLANG_WARN_CONSTANT_CONVERSION = YES;
				CLANG_WARN_DIRECT_OBJC_ISA_USAGE = YES_ERROR;
				CLANG_WARN_DOCUMENTATION_COMMENTS = YES;
				CLANG_WARN_EMPTY_BODY = YES;
				CLANG_WARN_ENUM_CONVERSION = YES;
				CLANG_WARN_INFINITE_RECURSION = YES;
				CLANG_WARN_INT_CONVERSION = YES;
				CLANG_WARN_NON_LITERAL_NULL_CONVERSION = YES;
				CLANG_WARN_OBJC_LITERAL_CONVERSION = YES;
				CLANG_WARN_OBJC_ROOT_CLASS = YES_ERROR;
				CLANG_WARN_RANGE_LOOP_ANALYSIS = YES;
				CLANG_WARN_STRICT_PROTOTYPES = YES;
				CLANG_WARN_SUSPICIOUS_MOVE = YES;
				CLANG_WARN_UNGUARDED_AVAILABILITY = YES_AGGRESSIVE;
				CLANG_WARN_UNREACHABLE_CODE = YES;
				CLANG_WARN__DUPLICATE_METHOD_MATCH = YES;
				CODE_SIGN_IDENTITY = "Mac Developer";
				COPY_PHASE_STRIP = NO;
				DEBUG_INFORMATION_FORMAT = "dwarf-with-dsym";
				ENABLE_NS_ASSERTIONS = NO;
				ENABLE_STRICT_OBJC_MSGSEND = YES;
				GCC_C_LANGUAGE_STANDARD = gnu11;
				GCC_NO_COMMON_BLOCKS = YES;
				GCC_WARN_64_TO_32_BIT_CONVERSION = YES;
				GCC_WARN_ABOUT_RETURN_TYPE = YES_ERROR;
				GCC_WARN_UNDECLARED_SELECTOR = YES;
				GCC_WARN_UNINITIALIZED_AUTOS = YES_AGGRESSIVE;
				GCC_WARN_UNUSED_FUNCTION = YES;
				GCC_WARN_UNUSED_VARIABLE = YES;
				MACOSX_DEPLOYMENT_TARGET = 10.13;
				MTL_ENABLE_DEBUG_INFO = NO;
				SDKROOT = macosx;
			};
			name = Release;
		};
		B3E5ECAF20A70DD800895718 /* Debug */ = {
			isa = XCBuildConfiguration;
			buildSettings = {
				CODE_SIGN_STYLE = Automatic;
				DEVELOPMENT_TEAM = 43MF4J2V3L;
				PRODUCT_NAME = "$(TARGET_NAME)";
			};
			name = Debug;
		};
		B3E5ECB020A70DD800895718 /* Release */ = {
			isa = XCBuildConfiguration;
			buildSettings = {
				CODE_SIGN_STYLE = Automatic;
				DEVELOPMENT_TEAM = 43MF4J2V3L;
				PRODUCT_NAME = "$(TARGET_NAME)";
			};
			name = Release;
		};
/* End XCBuildConfiguration section */

/* Begin XCConfigurationList section */
		B3E5ECA220A70DD700895718 /* Build configuration list for PBXProject "os" */ = {
			isa = XCConfigurationList;
			buildConfigurations = (
				B3E5ECAC20A70DD800895718 /* Debug */,
				B3E5ECAD20A70DD800895718 /* Release */,
			);
			defaultConfigurationIsVisible = 0;
			defaultConfigurationName = Release;
		};
		B3E5ECAE20A70DD800895718 /* Build configuration list for PBXNativeTarget "os" */ = {
			isa = XCConfigurationList;
			buildConfigurations = (
				B3E5ECAF20A70DD800895718 /* Debug */,
				B3E5ECB020A70DD800895718 /* Release */,
			);
			defaultConfigurationIsVisible = 0;
			defaultConfigurationName = Release;
		};
/* End XCConfigurationList section */
	};
	rootObject = B3E5EC9F20A70DD700895718 /* Project object */;
}
